
Microsoft Visual Studio Solution File, Format Version 12.00
# Visual Studio 15
VisualStudioVersion = 15.0.28307.757
MinimumVisualStudioVersion = 10.0.40219.1
Project("{FAE04EC0-301F-11D3-BF4B-00C04F79EFBC}") = "AgentManagement.Core", "AgentManagement.Core\AgentManagement.Core.csproj", "{390749DC-B2B5-4103-A046-117BC6B916B6}"
EndProject
Project("{FAE04EC0-301F-11D3-BF4B-00C04F79EFBC}") = "AgentManagement.Infrastructure", "AgentManagement.Infrastructure\AgentManagement.Infrastructure.csproj", "{A37384B8-5CC0-4031-AEDE-E30AA694BF48}"
EndProject
Project("{FAE04EC0-301F-11D3-BF4B-00C04F79EFBC}") = "AgentManagement.Common", "AgentManagement.Common\AgentManagement.Common.csproj", "{2F74CDDF-E36F-4BE4-BFEE-C9A651BFCA6D}"
EndProject
Project("{FAE04EC0-301F-11D3-BF4B-00C04F79EFBC}") = "AgentManagement.DependencyResolution", "AgentManagement.DependencyResolution\AgentManagement.DependencyResolution.csproj", "{7D145798-5A39-48A3-9FC2-01565F268C02}"
EndProject
Global
	GlobalSection(SolutionConfigurationPlatforms) = preSolution
		Debug|Any CPU = Debug|Any CPU
		Release|Any CPU = Release|Any CPU
	EndGlobalSection
	GlobalSection(ProjectConfigurationPlatforms) = postSolution
		{390749DC-B2B5-4103-A046-117BC6B916B6}.Debug|Any CPU.ActiveCfg = Debug|Any CPU
		{390749DC-B2B5-4103-A046-117BC6B916B6}.Debug|Any CPU.Build.0 = Debug|Any CPU
		{390749DC-B2B5-4103-A046-117BC6B916B6}.Release|Any CPU.ActiveCfg = Release|Any CPU
		{390749DC-B2B5-4103-A046-117BC6B916B6}.Release|Any CPU.Build.0 = Release|Any CPU
		{A37384B8-5CC0-4031-AEDE-E30AA694BF48}.Debug|Any CPU.ActiveCfg = Debug|Any CPU
		{A37384B8-5CC0-4031-AEDE-E30AA694BF48}.Debug|Any CPU.Build.0 = Debug|Any CPU
		{A37384B8-5CC0-4031-AEDE-E30AA694BF48}.Release|Any CPU.ActiveCfg = Release|Any CPU
		{A37384B8-5CC0-4031-AEDE-E30AA694BF48}.Release|Any CPU.Build.0 = Release|Any CPU
		{2F74CDDF-E36F-4BE4-BFEE-C9A651BFCA6D}.Debug|Any CPU.ActiveCfg = Debug|Any CPU
		{2F74CDDF-E36F-4BE4-BFEE-C9A651BFCA6D}.Debug|Any CPU.Build.0 = Debug|Any CPU
		{2F74CDDF-E36F-4BE4-BFEE-C9A651BFCA6D}.Release|Any CPU.ActiveCfg = Release|Any CPU
		{2F74CDDF-E36F-4BE4-BFEE-C9A651BFCA6D}.Release|Any CPU.Build.0 = Release|Any CPU
		{7D145798-5A39-48A3-9FC2-01565F268C02}.Debug|Any CPU.ActiveCfg = Debug|Any CPU
		{7D145798-5A39-48A3-9FC2-01565F268C02}.Debug|Any CPU.Build.0 = Debug|Any CPU
		{7D145798-5A39-48A3-9FC2-01565F268C02}.Release|Any CPU.ActiveCfg = Release|Any CPU
		{7D145798-5A39-48A3-9FC2-01565F268C02}.Release|Any CPU.Build.0 = Release|Any CPU
	EndGlobalSection
	GlobalSection(SolutionProperties) = preSolution
		HideSolutionNode = FALSE
	EndGlobalSection
	GlobalSection(ExtensibilityGlobals) = postSolution
		SolutionGuid = {F93A690D-700C-4E2B-A86E-4E77F545778D}
	EndGlobalSection
EndGlobal
